
Microsoft Visual Studio Solution File, Format Version 12.00
# Visual Studio Version 16
VisualStudioVersion = 16.0.34031.81
MinimumVisualStudioVersion = 10.0.40219.1
Project("{FAE04EC0-301F-11D3-BF4B-00C04F79EFBC}") = "Lab4Prob", "Lab4Prob\Lab4Prob.csproj", "{A3935F1D-63FF-4B4C-9E55-859DCCBBA9B6}"
EndProject
Global
	GlobalSection(SolutionConfigurationPlatforms) = preSolution
		Debug|Any CPU = Debug|Any CPU
		Release|Any CPU = Release|Any CPU
	EndGlobalSection
	GlobalSection(ProjectConfigurationPlatforms) = postSolution
		{A3935F1D-63FF-4B4C-9E55-859DCCBBA9B6}.Debug|Any CPU.ActiveCfg = Debug|Any CPU
		{A3935F1D-63FF-4B4C-9E55-859DCCBBA9B6}.Debug|Any CPU.Build.0 = Debug|Any CPU
		{A3935F1D-63FF-4B4C-9E55-859DCCBBA9B6}.Release|Any CPU.ActiveCfg = Release|Any CPU
		{A3935F1D-63FF-4B4C-9E55-859DCCBBA9B6}.Release|Any CPU.Build.0 = Release|Any CPU
	EndGlobalSection
	GlobalSection(SolutionProperties) = preSolution
		HideSolutionNode = FALSE
	EndGlobalSection
	GlobalSection(ExtensibilityGlobals) = postSolution
		SolutionGuid = {04995413-0E6B-4D43-AD0E-C5E86DBE6719}
	EndGlobalSection
EndGlobal
